
Microsoft Visual Studio Solution File, Format Version 12.00
# Visual Studio 15
VisualStudioVersion = 15.0.28010.2046
MinimumVisualStudioVersion = 10.0.40219.1
Project("{FAE04EC0-301F-11D3-BF4B-00C04F79EFBC}") = "LearningConsoleApp", "LearningConsoleApp\LearningConsoleApp.csproj", "{D4F15638-D98C-4A23-8F67-8B0BF06281AD}"
EndProject
Global
	GlobalSection(SolutionConfigurationPlatforms) = preSolution
		Debug|Any CPU = Debug|Any CPU
		Release|Any CPU = Release|Any CPU
	EndGlobalSection
	GlobalSection(ProjectConfigurationPlatforms) = postSolution
		{D4F15638-D98C-4A23-8F67-8B0BF06281AD}.Debug|Any CPU.ActiveCfg = Debug|Any CPU
		{D4F15638-D98C-4A23-8F67-8B0BF06281AD}.Debug|Any CPU.Build.0 = Debug|Any CPU
		{D4F15638-D98C-4A23-8F67-8B0BF06281AD}.Release|Any CPU.ActiveCfg = Release|Any CPU
		{D4F15638-D98C-4A23-8F67-8B0BF06281AD}.Release|Any CPU.Build.0 = Release|Any CPU
	EndGlobalSection
	GlobalSection(SolutionProperties) = preSolution
		HideSolutionNode = FALSE
	EndGlobalSection
	GlobalSection(ExtensibilityGlobals) = postSolution
		SolutionGuid = {F1CAE6DA-8A49-4C34-996C-62DD2C7CBD7F}
	EndGlobalSection
EndGlobal
